
Microsoft Visual Studio Solution File, Format Version 12.00
# Visual Studio Version 17
VisualStudioVersion = 17.9.34728.123
MinimumVisualStudioVersion = 10.0.40219.1
Project("{2150E333-8FDC-42A3-9474-1A3956D46DE8}") = "core", "core", "{63276789-D5CD-4AD1-BD58-39226F0007A3}"
EndProject
Project("{9A19103F-16F7-4668-BE54-9A1E7A4F7556}") = "Domain", "Domain\Domain.csproj", "{CD11F918-5FA1-4F67-B605-50536F402DF3}"
EndProject
Project("{2150E333-8FDC-42A3-9474-1A3956D46DE8}") = "Persistences", "Persistences", "{7CFF2F62-4C8A-4D13-88FE-1BBCA759FD21}"
EndProject
Project("{9A19103F-16F7-4668-BE54-9A1E7A4F7556}") = "OpinionesClientes", "OpinionesClientes\OpinionesClientes.csproj", "{5ADA7411-BB1B-45FF-B930-681EAC81C88F}"
EndProject
Project("{9A19103F-16F7-4668-BE54-9A1E7A4F7556}") = "Application", "Application\Application.csproj", "{140E8410-1485-4D7C-A5F0-3E9744C53C8B}"
EndProject
Project("{FAE04EC0-301F-11D3-BF4B-00C04F79EFBC}") = "Infraestructura", "Infraestructura\Infraestructura.csproj", "{6D6E854F-C21B-405B-A1E5-FE210A683075}"
EndProject
Global
	GlobalSection(SolutionConfigurationPlatforms) = preSolution
		Debug|Any CPU = Debug|Any CPU
		Release|Any CPU = Release|Any CPU
	EndGlobalSection
	GlobalSection(ProjectConfigurationPlatforms) = postSolution
		{CD11F918-5FA1-4F67-B605-50536F402DF3}.Debug|Any CPU.ActiveCfg = Debug|Any CPU
		{CD11F918-5FA1-4F67-B605-50536F402DF3}.Debug|Any CPU.Build.0 = Debug|Any CPU
		{CD11F918-5FA1-4F67-B605-50536F402DF3}.Release|Any CPU.ActiveCfg = Release|Any CPU
		{CD11F918-5FA1-4F67-B605-50536F402DF3}.Release|Any CPU.Build.0 = Release|Any CPU
		{5ADA7411-BB1B-45FF-B930-681EAC81C88F}.Debug|Any CPU.ActiveCfg = Debug|Any CPU
		{5ADA7411-BB1B-45FF-B930-681EAC81C88F}.Debug|Any CPU.Build.0 = Debug|Any CPU
		{5ADA7411-BB1B-45FF-B930-681EAC81C88F}.Release|Any CPU.ActiveCfg = Release|Any CPU
		{5ADA7411-BB1B-45FF-B930-681EAC81C88F}.Release|Any CPU.Build.0 = Release|Any CPU
		{140E8410-1485-4D7C-A5F0-3E9744C53C8B}.Debug|Any CPU.ActiveCfg = Debug|Any CPU
		{140E8410-1485-4D7C-A5F0-3E9744C53C8B}.Debug|Any CPU.Build.0 = Debug|Any CPU
		{140E8410-1485-4D7C-A5F0-3E9744C53C8B}.Release|Any CPU.ActiveCfg = Release|Any CPU
		{140E8410-1485-4D7C-A5F0-3E9744C53C8B}.Release|Any CPU.Build.0 = Release|Any CPU
		{6D6E854F-C21B-405B-A1E5-FE210A683075}.Debug|Any CPU.ActiveCfg = Debug|Any CPU
		{6D6E854F-C21B-405B-A1E5-FE210A683075}.Debug|Any CPU.Build.0 = Debug|Any CPU
		{6D6E854F-C21B-405B-A1E5-FE210A683075}.Release|Any CPU.ActiveCfg = Release|Any CPU
		{6D6E854F-C21B-405B-A1E5-FE210A683075}.Release|Any CPU.Build.0 = Release|Any CPU
	EndGlobalSection
	GlobalSection(SolutionProperties) = preSolution
		HideSolutionNode = FALSE
	EndGlobalSection
	GlobalSection(NestedProjects) = preSolution
		{CD11F918-5FA1-4F67-B605-50536F402DF3} = {63276789-D5CD-4AD1-BD58-39226F0007A3}
		{140E8410-1485-4D7C-A5F0-3E9744C53C8B} = {63276789-D5CD-4AD1-BD58-39226F0007A3}
		{6D6E854F-C21B-405B-A1E5-FE210A683075} = {7CFF2F62-4C8A-4D13-88FE-1BBCA759FD21}
	EndGlobalSection
	GlobalSection(ExtensibilityGlobals) = postSolution
		SolutionGuid = {E018A963-D552-4FD5-B408-8FC99090F500}
	EndGlobalSection
EndGlobal
